
Microsoft Visual Studio Solution File, Format Version 12.00
# Visual Studio Version 16
VisualStudioVersion = 16.0.29911.84
MinimumVisualStudioVersion = 10.0.40219.1
Project("{FAE04EC0-301F-11D3-BF4B-00C04F79EFBC}") = "CRUDPersonas", "CRUDPersonas\CRUDPersonas.csproj", "{7597A003-EC7A-4ADD-91D9-966330813B3F}"
EndProject
Global
	GlobalSection(SolutionConfigurationPlatforms) = preSolution
		Debug|Any CPU = Debug|Any CPU
		Release|Any CPU = Release|Any CPU
	EndGlobalSection
	GlobalSection(ProjectConfigurationPlatforms) = postSolution
		{7597A003-EC7A-4ADD-91D9-966330813B3F}.Debug|Any CPU.ActiveCfg = Debug|Any CPU
		{7597A003-EC7A-4ADD-91D9-966330813B3F}.Debug|Any CPU.Build.0 = Debug|Any CPU
		{7597A003-EC7A-4ADD-91D9-966330813B3F}.Release|Any CPU.ActiveCfg = Release|Any CPU
		{7597A003-EC7A-4ADD-91D9-966330813B3F}.Release|Any CPU.Build.0 = Release|Any CPU
	EndGlobalSection
	GlobalSection(SolutionProperties) = preSolution
		HideSolutionNode = FALSE
	EndGlobalSection
	GlobalSection(ExtensibilityGlobals) = postSolution
		SolutionGuid = {862E6338-8858-4A79-8311-0B3B0FF0E0E3}
	EndGlobalSection
EndGlobal
